# This file is automatically @generated by Cargo.
# It is not intended for manual editing.
version = 4

[[package]]
name = "ftc"
version = "0.1.0"
dependencies = [
 "roman-numerals-rs",
]

[[package]]
name = "roman-numerals-rs"
version = "4.1.0"
source = "registry+https://github.com/rust-lang/crates.io-index"
checksum = "8408ef3512d2c5d6876de3cf8f24751e19c5f2566e37e1d31ced56a1892f1e92"
